
Microsoft Visual Studio Solution File, Format Version 12.00
# Visual Studio Version 17
VisualStudioVersion = 17.5.002.0
MinimumVisualStudioVersion = 10.0.40219.1
Project("{9A19103F-16F7-4668-BE54-9A1E7A4F7556}") = "BootCamp_C_Sharp_Propriedades_Na_Patrica", "BootCamp_C_Sharp_Propriedades_Na_Patrica.csproj", "{9F96EC7C-7F54-41EE-8340-4BCCC858EA1B}"
EndProject
Global
	GlobalSection(SolutionConfigurationPlatforms) = preSolution
		Debug|Any CPU = Debug|Any CPU
		Release|Any CPU = Release|Any CPU
	EndGlobalSection
	GlobalSection(ProjectConfigurationPlatforms) = postSolution
		{9F96EC7C-7F54-41EE-8340-4BCCC858EA1B}.Debug|Any CPU.ActiveCfg = Debug|Any CPU
		{9F96EC7C-7F54-41EE-8340-4BCCC858EA1B}.Debug|Any CPU.Build.0 = Debug|Any CPU
		{9F96EC7C-7F54-41EE-8340-4BCCC858EA1B}.Release|Any CPU.ActiveCfg = Release|Any CPU
		{9F96EC7C-7F54-41EE-8340-4BCCC858EA1B}.Release|Any CPU.Build.0 = Release|Any CPU
	EndGlobalSection
	GlobalSection(SolutionProperties) = preSolution
		HideSolutionNode = FALSE
	EndGlobalSection
	GlobalSection(ExtensibilityGlobals) = postSolution
		SolutionGuid = {C9C9F419-7383-470A-B605-E757163DE30B}
	EndGlobalSection
EndGlobal
